// !$*UTF8*$!
{
	archiveVersion = 1;
	classes = {
	};
	objectVersion = 46;
	objects = {

/* Begin PBXBuildFile section */
		02E5BF3F1E2326B3004B563A /* main.m in Sources */ = {isa = PBXBuildFile; fileRef = 02E5BF3E1E2326B3004B563A /* main.m */; };
		02E5BF421E2326B3004B563A /* AppDelegate.m in Sources */ = {isa = PBXBuildFile; fileRef = 02E5BF411E2326B3004B563A /* AppDelegate.m */; };
		02E5BF451E2326B3004B563A /* ViewController.m in Sources */ = {isa = PBXBuildFile; fileRef = 02E5BF441E2326B3004B563A /* ViewController.m */; };
		02E5BF481E2326B3004B563A /* Main.storyboard in Resources */ = {isa = PBXBuildFile; fileRef = 02E5BF461E2326B3004B563A /* Main.storyboard */; };
		02E5BF4A1E2326B3004B563A /* Assets.xcassets in Resources */ = {isa = PBXBuildFile; fileRef = 02E5BF491E2326B3004B563A /* Assets.xcassets */; };
		02E5BF4D1E2326B3004B563A /* LaunchScreen.storyboard in Resources */ = {isa = PBXBuildFile; fileRef = 02E5BF4B1E2326B3004B563A /* LaunchScreen.storyboard */; };
		02E5BF581E2326B4004B563A /* sEasyBeautifyImageModelTests.m in Sources */ = {isa = PBXBuildFile; fileRef = 02E5BF571E2326B4004B563A /* sEasyBeautifyImageModelTests.m */; };
		02E5BF631E2326B4004B563A /* sEasyBeautifyImageModelUITests.m in Sources */ = {isa = PBXBuildFile; fileRef = 02E5BF621E2326B4004B563A /* sEasyBeautifyImageModelUITests.m */; };
/* End PBXBuildFile section */

/* Begin PBXContainerItemProxy section */
		02E5BF541E2326B4004B563A /* PBXContainerItemProxy */ = {
			isa = PBXContainerItemProxy;
			containerPortal = 02E5BF321E2326B3004B563A /* Project object */;
			proxyType = 1;
			remoteGlobalIDString = 02E5BF391E2326B3004B563A;
			remoteInfo = sEasyBeautifyImageModel;
		};
		02E5BF5F1E2326B4004B563A /* PBXContainerItemProxy */ = {
			isa = PBXContainerItemProxy;
			containerPortal = 02E5BF321E2326B3004B563A /* Project object */;
			proxyType = 1;
			remoteGlobalIDString = 02E5BF391E2326B3004B563A;
			remoteInfo = sEasyBeautifyImageModel;
		};
/* End PBXContainerItemProxy section */

/* Begin PBXFileReference section */
		02E5BF3A1E2326B3004B563A /* sEasyBeautifyImageModel.app */ = {isa = PBXFileReference; explicitFileType = wrapper.application; includeInIndex = 0; path = sEasyBeautifyImageModel.app; sourceTree = BUILT_PRODUCTS_DIR; };
		02E5BF3E1E2326B3004B563A /* main.m */ = {isa = PBXFileReference; lastKnownFileType = sourcecode.c.objc; path = main.m; sourceTree = "<group>"; };
		02E5BF401E2326B3004B563A /* AppDelegate.h */ = {isa = PBXFileReference; lastKnownFileType = sourcecode.c.h; path = AppDelegate.h; sourceTree = "<group>"; };
		02E5BF411E2326B3004B563A /* AppDelegate.m */ = {isa = PBXFileReference; lastKnownFileType = sourcecode.c.objc; path = AppDelegate.m; sourceTree = "<group>"; };
		02E5BF431E2326B3004B563A /* ViewController.h */ = {isa = PBXFileReference; lastKnownFileType = sourcecode.c.h; path = ViewController.h; sourceTree = "<group>"; };
		02E5BF441E2326B3004B563A /* ViewController.m */ = {isa = PBXFileReference; lastKnownFileType = sourcecode.c.objc; path = ViewController.m; sourceTree = "<group>"; };
		02E5BF471E2326B3004B563A /* Base */ = {isa = PBXFileReference; lastKnownFileType = file.storyboard; name = Base; path = Base.lproj/Main.storyboard; sourceTree = "<group>"; };
		02E5BF491E2326B3004B563A /* Assets.xcassets */ = {isa = PBXFileReference; lastKnownFileType = folder.assetcatalog; path = Assets.xcassets; sourceTree = "<group>"; };
		02E5BF4C1E2326B3004B563A /* Base */ = {isa = PBXFileReference; lastKnownFileType = file.storyboard; name = Base; path = Base.lproj/LaunchScreen.storyboard; sourceTree = "<group>"; };
		02E5BF4E1E2326B3004B563A /* Info.plist */ = {isa = PBXFileReference; lastKnownFileType = text.plist.xml; path = Info.plist; sourceTree = "<group>"; };
		02E5BF531E2326B4004B563A /* sEasyBeautifyImageModelTests.xctest */ = {isa = PBXFileReference; explicitFileType = wrapper.cfbundle; includeInIndex = 0; path = sEasyBeautifyImageModelTests.xctest; sourceTree = BUILT_PRODUCTS_DIR; };
		02E5BF571E2326B4004B563A /* sEasyBeautifyImageModelTests.m */ = {isa = PBXFileReference; lastKnownFileType = sourcecode.c.objc; path = sEasyBeautifyImageModelTests.m; sourceTree = "<group>"; };
		02E5BF591E2326B4004B563A /* Info.plist */ = {isa = PBXFileReference; lastKnownFileType = text.plist.xml; path = Info.plist; sourceTree = "<group>"; };
		02E5BF5E1E2326B4004B563A /* sEasyBeautifyImageModelUITests.xctest */ = {isa = PBXFileReference; explicitFileType = wrapper.cfbundle; includeInIndex = 0; path = sEasyBeautifyImageModelUITests.xctest; sourceTree = BUILT_PRODUCTS_DIR; };
		02E5BF621E2326B4004B563A /* sEasyBeautifyImageModelUITests.m */ = {isa = PBXFileReference; lastKnownFileType = sourcecode.c.objc; path = sEasyBeautifyImageModelUITests.m; sourceTree = "<group>"; };
		02E5BF641E2326B4004B563A /* Info.plist */ = {isa = PBXFileReference; lastKnownFileType = text.plist.xml; path = Info.plist; sourceTree = "<group>"; };
/* End PBXFileReference section */

/* Begin PBXFrameworksBuildPhase section */
		02E5BF371E2326B3004B563A /* Frameworks */ = {
			isa = PBXFrameworksBuildPhase;
			buildActionMask = 2147483647;
			files = (
			);
			runOnlyForDeploymentPostprocessing = 0;
		};
		02E5BF501E2326B4004B563A /* Frameworks */ = {
			isa = PBXFrameworksBuildPhase;
			buildActionMask = 2147483647;
			files = (
			);
			runOnlyForDeploymentPostprocessing = 0;
		};
		02E5BF5B1E2326B4004B563A /* Frameworks */ = {
			isa = PBXFrameworksBuildPhase;
			buildActionMask = 2147483647;
			files = (
			);
			runOnlyForDeploymentPostprocessing = 0;
		};
/* End PBXFrameworksBuildPhase section */

/* Begin PBXGroup section */
		02E5BF311E2326B3004B563A = {
			isa = PBXGroup;
			children = (
				02E5BF3C1E2326B3004B563A /* sEasyBeautifyImageModel */,
				02E5BF561E2326B4004B563A /* sEasyBeautifyImageModelTests */,
				02E5BF611E2326B4004B563A /* sEasyBeautifyImageModelUITests */,
				02E5BF3B1E2326B3004B563A /* Products */,
			);
			sourceTree = "<group>";
		};
		02E5BF3B1E2326B3004B563A /* Products */ = {
			isa = PBXGroup;
			children = (
				02E5BF3A1E2326B3004B563A /* sEasyBeautifyImageModel.app */,
				02E5BF531E2326B4004B563A /* sEasyBeautifyImageModelTests.xctest */,
				02E5BF5E1E2326B4004B563A /* sEasyBeautifyImageModelUITests.xctest */,
			);
			name = Products;
			sourceTree = "<group>";
		};
		02E5BF3C1E2326B3004B563A /* sEasyBeautifyImageModel */ = {
			isa = PBXGroup;
			children = (
				02E5BF401E2326B3004B563A /* AppDelegate.h */,
				02E5BF411E2326B3004B563A /* AppDelegate.m */,
				02E5BF431E2326B3004B563A /* ViewController.h */,
				02E5BF441E2326B3004B563A /* ViewController.m */,
				02E5BF461E2326B3004B563A /* Main.storyboard */,
				02E5BF491E2326B3004B563A /* Assets.xcassets */,
				02E5BF4B1E2326B3004B563A /* LaunchScreen.storyboard */,
				02E5BF4E1E2326B3004B563A /* Info.plist */,
				02E5BF3D1E2326B3004B563A /* Supporting Files */,
			);
			path = sEasyBeautifyImageModel;
			sourceTree = "<group>";
		};
		02E5BF3D1E2326B3004B563A /* Supporting Files */ = {
			isa = PBXGroup;
			children = (
				02E5BF3E1E2326B3004B563A /* main.m */,
			);
			name = "Supporting Files";
			sourceTree = "<group>";
		};
		02E5BF561E2326B4004B563A /* sEasyBeautifyImageModelTests */ = {
			isa = PBXGroup;
			children = (
				02E5BF571E2326B4004B563A /* sEasyBeautifyImageModelTests.m */,
				02E5BF591E2326B4004B563A /* Info.plist */,
			);
			path = sEasyBeautifyImageModelTests;
			sourceTree = "<group>";
		};
		02E5BF611E2326B4004B563A /* sEasyBeautifyImageModelUITests */ = {
			isa = PBXGroup;
			children = (
				02E5BF621E2326B4004B563A /* sEasyBeautifyImageModelUITests.m */,
				02E5BF641E2326B4004B563A /* Info.plist */,
			);
			path = sEasyBeautifyImageModelUITests;
			sourceTree = "<group>";
		};
/* End PBXGroup section */

/* Begin PBXNativeTarget section */
		02E5BF391E2326B3004B563A /* sEasyBeautifyImageModel */ = {
			isa = PBXNativeTarget;
			buildConfigurationList = 02E5BF671E2326B4004B563A /* Build configuration list for PBXNativeTarget "sEasyBeautifyImageModel" */;
			buildPhases = (
				02E5BF361E2326B3004B563A /* Sources */,
				02E5BF371E2326B3004B563A /* Frameworks */,
				02E5BF381E2326B3004B563A /* Resources */,
			);
			buildRules = (
			);
			dependencies = (
			);
			name = sEasyBeautifyImageModel;
			productName = sEasyBeautifyImageModel;
			productReference = 02E5BF3A1E2326B3004B563A /* sEasyBeautifyImageModel.app */;
			productType = "com.apple.product-type.application";
		};
		02E5BF521E2326B4004B563A /* sEasyBeautifyImageModelTests */ = {
			isa = PBXNativeTarget;
			buildConfigurationList = 02E5BF6A1E2326B4004B563A /* Build configuration list for PBXNativeTarget "sEasyBeautifyImageModelTests" */;
			buildPhases = (
				02E5BF4F1E2326B4004B563A /* Sources */,
				02E5BF501E2326B4004B563A /* Frameworks */,
				02E5BF511E2326B4004B563A /* Resources */,
			);
			buildRules = (
			);
			dependencies = (
				02E5BF551E2326B4004B563A /* PBXTargetDependency */,
			);
			name = sEasyBeautifyImageModelTests;
			productName = sEasyBeautifyImageModelTests;
			productReference = 02E5BF531E2326B4004B563A /* sEasyBeautifyImageModelTests.xctest */;
			productType = "com.apple.product-type.bundle.unit-test";
		};
		02E5BF5D1E2326B4004B563A /* sEasyBeautifyImageModelUITests */ = {
			isa = PBXNativeTarget;
			buildConfigurationList = 02E5BF6D1E2326B4004B563A /* Build configuration list for PBXNativeTarget "sEasyBeautifyImageModelUITests" */;
			buildPhases = (
				02E5BF5A1E2326B4004B563A /* Sources */,
				02E5BF5B1E2326B4004B563A /* Frameworks */,
				02E5BF5C1E2326B4004B563A /* Resources */,
			);
			buildRules = (
			);
			dependencies = (
				02E5BF601E2326B4004B563A /* PBXTargetDependency */,
			);
			name = sEasyBeautifyImageModelUITests;
			productName = sEasyBeautifyImageModelUITests;
			productReference = 02E5BF5E1E2326B4004B563A /* sEasyBeautifyImageModelUITests.xctest */;
			productType = "com.apple.product-type.bundle.ui-testing";
		};
/* End PBXNativeTarget section */

/* Begin PBXProject section */
		02E5BF321E2326B3004B563A /* Project object */ = {
			isa = PBXProject;
			attributes = {
				LastUpgradeCheck = 0810;
				ORGANIZATIONNAME = com.cfd.MoFang;
				TargetAttributes = {
					02E5BF391E2326B3004B563A = {
						CreatedOnToolsVersion = 8.1;
						DevelopmentTeam = LFGQXWSCND;
						ProvisioningStyle = Automatic;
					};
					02E5BF521E2326B4004B563A = {
						CreatedOnToolsVersion = 8.1;
						DevelopmentTeam = LFGQXWSCND;
						ProvisioningStyle = Automatic;
						TestTargetID = 02E5BF391E2326B3004B563A;
					};
					02E5BF5D1E2326B4004B563A = {
						CreatedOnToolsVersion = 8.1;
						DevelopmentTeam = LFGQXWSCND;
						ProvisioningStyle = Automatic;
						TestTargetID = 02E5BF391E2326B3004B563A;
					};
				};
			};
			buildConfigurationList = 02E5BF351E2326B3004B563A /* Build configuration list for PBXProject "sEasyBeautifyImageModel" */;
			compatibilityVersion = "Xcode 3.2";
			developmentRegion = English;
			hasScannedForEncodings = 0;
			knownRegions = (
				en,
				Base,
			);
			mainGroup = 02E5BF311E2326B3004B563A;
			productRefGroup = 02E5BF3B1E2326B3004B563A /* Products */;
			projectDirPath = "";
			projectRoot = "";
			targets = (
				02E5BF391E2326B3004B563A /* sEasyBeautifyImageModel */,
				02E5BF521E2326B4004B563A /* sEasyBeautifyImageModelTests */,
				02E5BF5D1E2326B4004B563A /* sEasyBeautifyImageModelUITests */,
			);
		};
/* End PBXProject section */

/* Begin PBXResourcesBuildPhase section */
		02E5BF381E2326B3004B563A /* Resources */ = {
			isa = PBXResourcesBuildPhase;
			buildActionMask = 2147483647;
			files = (
				02E5BF4D1E2326B3004B563A /* LaunchScreen.storyboard in Resources */,
				02E5BF4A1E2326B3004B563A /* Assets.xcassets in Resources */,
				02E5BF481E2326B3004B563A /* Main.storyboard in Resources */,
			);
			runOnlyForDeploymentPostprocessing = 0;
		};
		02E5BF511E2326B4004B563A /* Resources */ = {
			isa = PBXResourcesBuildPhase;
			buildActionMask = 2147483647;
			files = (
			);
			runOnlyForDeploymentPostprocessing = 0;
		};
		02E5BF5C1E2326B4004B563A /* Resources */ = {
			isa = PBXResourcesBuildPhase;
			buildActionMask = 2147483647;
			files = (
			);
			runOnlyForDeploymentPostprocessing = 0;
		};
/* End PBXResourcesBuildPhase section */

/* Begin PBXSourcesBuildPhase section */
		02E5BF361E2326B3004B563A /* Sources */ = {
			isa = PBXSourcesBuildPhase;
			buildActionMask = 2147483647;
			files = (
				02E5BF451E2326B3004B563A /* ViewController.m in Sources */,
				02E5BF421E2326B3004B563A /* AppDelegate.m in Sources */,
				02E5BF3F1E2326B3004B563A /* main.m in Sources */,
			);
			runOnlyForDeploymentPostprocessing = 0;
		};
		02E5BF4F1E2326B4004B563A /* Sources */ = {
			isa = PBXSourcesBuildPhase;
			buildActionMask = 2147483647;
			files = (
				02E5BF581E2326B4004B563A /* sEasyBeautifyImageModelTests.m in Sources */,
			);
			runOnlyForDeploymentPostprocessing = 0;
		};
		02E5BF5A1E2326B4004B563A /* Sources */ = {
			isa = PBXSourcesBuildPhase;
			buildActionMask = 2147483647;
			files = (
				02E5BF631E2326B4004B563A /* sEasyBeautifyImageModelUITests.m in Sources */,
			);
			runOnlyForDeploymentPostprocessing = 0;
		};
/* End PBXSourcesBuildPhase section */

/* Begin PBXTargetDependency section */
		02E5BF551E2326B4004B563A /* PBXTargetDependency */ = {
			isa = PBXTargetDependency;
			target = 02E5BF391E2326B3004B563A /* sEasyBeautifyImageModel */;
			targetProxy = 02E5BF541E2326B4004B563A /* PBXContainerItemProxy */;
		};
		02E5BF601E2326B4004B563A /* PBXTargetDependency */ = {
			isa = PBXTargetDependency;
			target = 02E5BF391E2326B3004B563A /* sEasyBeautifyImageModel */;
			targetProxy = 02E5BF5F1E2326B4004B563A /* PBXContainerItemProxy */;
		};
/* End PBXTargetDependency section */

/* Begin PBXVariantGroup section */
		02E5BF461E2326B3004B563A /* Main.storyboard */ = {
			isa = PBXVariantGroup;
			children = (
				02E5BF471E2326B3004B563A /* Base */,
			);
			name = Main.storyboard;
			sourceTree = "<group>";
		};
		02E5BF4B1E2326B3004B563A /* LaunchScreen.storyboard */ = {
			isa = PBXVariantGroup;
			children = (
				02E5BF4C1E2326B3004B563A /* Base */,
			);
			name = LaunchScreen.storyboard;
			sourceTree = "<group>";
		};
/* End PBXVariantGroup section */

/* Begin XCBuildConfiguration section */
		02E5BF651E2326B4004B563A /* Debug */ = {
			isa = XCBuildConfiguration;
			buildSettings = {
				ALWAYS_SEARCH_USER_PATHS = NO;
				CLANG_ANALYZER_NONNULL = YES;
				CLANG_CXX_LANGUAGE_STANDARD = "gnu++0x";
				CLANG_CXX_LIBRARY = "libc++";
				CLANG_ENABLE_MODULES = YES;
				CLANG_ENABLE_OBJC_ARC = YES;
				CLANG_WARN_BOOL_CONVERSION = YES;
				CLANG_WARN_CONSTANT_CONVERSION = YES;
				CLANG_WARN_DIRECT_OBJC_ISA_USAGE = YES_ERROR;
				CLANG_WARN_DOCUMENTATION_COMMENTS = YES;
				CLANG_WARN_EMPTY_BODY = YES;
				CLANG_WARN_ENUM_CONVERSION = YES;
				CLANG_WARN_INFINITE_RECURSION = YES;
				CLANG_WARN_INT_CONVERSION = YES;
				CLANG_WARN_OBJC_ROOT_CLASS = YES_ERROR;
				CLANG_WARN_SUSPICIOUS_MOVES = YES;
				CLANG_WARN_UNREACHABLE_CODE = YES;
				CLANG_WARN__DUPLICATE_METHOD_MATCH = YES;
				"CODE_SIGN_IDENTITY[sdk=iphoneos*]" = "iPhone Developer";
				COPY_PHASE_STRIP = NO;
				DEBUG_INFORMATION_FORMAT = dwarf;
				ENABLE_STRICT_OBJC_MSGSEND = YES;
				ENABLE_TESTABILITY = YES;
				GCC_C_LANGUAGE_STANDARD = gnu99;
				GCC_DYNAMIC_NO_PIC = NO;
				GCC_NO_COMMON_BLOCKS = YES;
				GCC_OPTIMIZATION_LEVEL = 0;
				GCC_PREPROCESSOR_DEFINITIONS = (
					"DEBUG=1",
					"$(inherited)",
				);
				GCC_WARN_64_TO_32_BIT_CONVERSION = YES;
				GCC_WARN_ABOUT_RETURN_TYPE = YES_ERROR;
				GCC_WARN_UNDECLARED_SELECTOR = YES;
				GCC_WARN_UNINITIALIZED_AUTOS = YES_AGGRESSIVE;
				GCC_WARN_UNUSED_FUNCTION = YES;
				GCC_WARN_UNUSED_VARIABLE = YES;
				IPHONEOS_DEPLOYMENT_TARGET = 10.1;
				MTL_ENABLE_DEBUG_INFO = YES;
				ONLY_ACTIVE_ARCH = YES;
				SDKROOT = iphoneos;
				TARGETED_DEVICE_FAMILY = "1,2";
			};
			name = Debug;
		};
		02E5BF661E2326B4004B563A /* Release */ = {
			isa = XCBuildConfiguration;
			buildSettings = {
				ALWAYS_SEARCH_USER_PATHS = NO;
				CLANG_ANALYZER_NONNULL = YES;
				CLANG_CXX_LANGUAGE_STANDARD = "gnu++0x";
				CLANG_CXX_LIBRARY = "libc++";
				CLANG_ENABLE_MODULES = YES;
				CLANG_ENABLE_OBJC_ARC = YES;
				CLANG_WARN_BOOL_CONVERSION = YES;
				CLANG_WARN_CONSTANT_CONVERSION = YES;
				CLANG_WARN_DIRECT_OBJC_ISA_USAGE = YES_ERROR;
				CLANG_WARN_DOCUMENTATION_COMMENTS = YES;
				CLANG_WARN_EMPTY_BODY = YES;
				CLANG_WARN_ENUM_CONVERSION = YES;
				CLANG_WARN_INFINITE_RECURSION = YES;
				CLANG_WARN_INT_CONVERSION = YES;
				CLANG_WARN_OBJC_ROOT_CLASS = YES_ERROR;
				CLANG_WARN_SUSPICIOUS_MOVES = YES;
				CLANG_WARN_UNREACHABLE_CODE = YES;
				CLANG_WARN__DUPLICATE_METHOD_MATCH = YES;
				"CODE_SIGN_IDENTITY[sdk=iphoneos*]" = "iPhone Developer";
				COPY_PHASE_STRIP = NO;
				DEBUG_INFORMATION_FORMAT = "dwarf-with-dsym";
				ENABLE_NS_ASSERTIONS = NO;
				ENABLE_STRICT_OBJC_MSGSEND = YES;
				GCC_C_LANGUAGE_STANDARD = gnu99;
				GCC_NO_COMMON_BLOCKS = YES;
				GCC_WARN_64_TO_32_BIT_CONVERSION = YES;
				GCC_WARN_ABOUT_RETURN_TYPE = YES_ERROR;
				GCC_WARN_UNDECLARED_SELECTOR = YES;
				GCC_WARN_UNINITIALIZED_AUTOS = YES_AGGRESSIVE;
				GCC_WARN_UNUSED_FUNCTION = YES;
				GCC_WARN_UNUSED_VARIABLE = YES;
				IPHONEOS_DEPLOYMENT_TARGET = 10.1;
				MTL_ENABLE_DEBUG_INFO = NO;
				SDKROOT = iphoneos;
				TARGETED_DEVICE_FAMILY = "1,2";
				VALIDATE_PRODUCT = YES;
			};
			name = Release;
		};
		02E5BF681E2326B4004B563A /* Debug */ = {
			isa = XCBuildConfiguration;
			buildSettings = {
				ASSETCATALOG_COMPILER_APPICON_NAME = AppIcon;
				DEVELOPMENT_TEAM = LFGQXWSCND;
				INFOPLIST_FILE = sEasyBeautifyImageModel/Info.plist;
				LD_RUNPATH_SEARCH_PATHS = "$(inherited) @executable_path/Frameworks";
				PRODUCT_BUNDLE_IDENTIFIER = com.cfd.MoFang.sEasyBeautifyImageModel;
				PRODUCT_NAME = "$(TARGET_NAME)";
			};
			name = Debug;
		};
		02E5BF691E2326B4004B563A /* Release */ = {
			isa = XCBuildConfiguration;
			buildSettings = {
				ASSETCATALOG_COMPILER_APPICON_NAME = AppIcon;
				DEVELOPMENT_TEAM = LFGQXWSCND;
				INFOPLIST_FILE = sEasyBeautifyImageModel/Info.plist;
				LD_RUNPATH_SEARCH_PATHS = "$(inherited) @executable_path/Frameworks";
				PRODUCT_BUNDLE_IDENTIFIER = com.cfd.MoFang.sEasyBeautifyImageModel;
				PRODUCT_NAME = "$(TARGET_NAME)";
			};
			name = Release;
		};
		02E5BF6B1E2326B4004B563A /* Debug */ = {
			isa = XCBuildConfiguration;
			buildSettings = {
				BUNDLE_LOADER = "$(TEST_HOST)";
				DEVELOPMENT_TEAM = LFGQXWSCND;
				INFOPLIST_FILE = sEasyBeautifyImageModelTests/Info.plist;
				LD_RUNPATH_SEARCH_PATHS = "$(inherited) @executable_path/Frameworks @loader_path/Frameworks";
				PRODUCT_BUNDLE_IDENTIFIER = com.cfd.MoFang.sEasyBeautifyImageModelTests;
				PRODUCT_NAME = "$(TARGET_NAME)";
				TEST_HOST = "$(BUILT_PRODUCTS_DIR)/sEasyBeautifyImageModel.app/sEasyBeautifyImageModel";
			};
			name = Debug;
		};
		02E5BF6C1E2326B4004B563A /* Release */ = {
			isa = XCBuildConfiguration;
			buildSettings = {
				BUNDLE_LOADER = "$(TEST_HOST)";
				DEVELOPMENT_TEAM = LFGQXWSCND;
				INFOPLIST_FILE = sEasyBeautifyImageModelTests/Info.plist;
				LD_RUNPATH_SEARCH_PATHS = "$(inherited) @executable_path/Frameworks @loader_path/Frameworks";
				PRODUCT_BUNDLE_IDENTIFIER = com.cfd.MoFang.sEasyBeautifyImageModelTests;
				PRODUCT_NAME = "$(TARGET_NAME)";
				TEST_HOST = "$(BUILT_PRODUCTS_DIR)/sEasyBeautifyImageModel.app/sEasyBeautifyImageModel";
			};
			name = Release;
		};
		02E5BF6E1E2326B4004B563A /* Debug */ = {
			isa = XCBuildConfiguration;
			buildSettings = {
				DEVELOPMENT_TEAM = LFGQXWSCND;
				INFOPLIST_FILE = sEasyBeautifyImageModelUITests/Info.plist;
				LD_RUNPATH_SEARCH_PATHS = "$(inherited) @executable_path/Frameworks @loader_path/Frameworks";
				PRODUCT_BUNDLE_IDENTIFIER = com.cfd.MoFang.sEasyBeautifyImageModelUITests;
				PRODUCT_NAME = "$(TARGET_NAME)";
				TEST_TARGET_NAME = sEasyBeautifyImageModel;
			};
			name = Debug;
		};
		02E5BF6F1E2326B4004B563A /* Release */ = {
			isa = XCBuildConfiguration;
			buildSettings = {
				DEVELOPMENT_TEAM = LFGQXWSCND;
				INFOPLIST_FILE = sEasyBeautifyImageModelUITests/Info.plist;
				LD_RUNPATH_SEARCH_PATHS = "$(inherited) @executable_path/Frameworks @loader_path/Frameworks";
				PRODUCT_BUNDLE_IDENTIFIER = com.cfd.MoFang.sEasyBeautifyImageModelUITests;
				PRODUCT_NAME = "$(TARGET_NAME)";
				TEST_TARGET_NAME = sEasyBeautifyImageModel;
			};
			name = Release;
		};
/* End XCBuildConfiguration section */

/* Begin XCConfigurationList section */
		02E5BF351E2326B3004B563A /* Build configuration list for PBXProject "sEasyBeautifyImageModel" */ = {
			isa = XCConfigurationList;
			buildConfigurations = (
				02E5BF651E2326B4004B563A /* Debug */,
				02E5BF661E2326B4004B563A /* Release */,
			);
			defaultConfigurationIsVisible = 0;
			defaultConfigurationName = Release;
		};
		02E5BF671E2326B4004B563A /* Build configuration list for PBXNativeTarget "sEasyBeautifyImageModel" */ = {
			isa = XCConfigurationList;
			buildConfigurations = (
				02E5BF681E2326B4004B563A /* Debug */,
				02E5BF691E2326B4004B563A /* Release */,
			);
			defaultConfigurationIsVisible = 0;
		};
		02E5BF6A1E2326B4004B563A /* Build configuration list for PBXNativeTarget "sEasyBeautifyImageModelTests" */ = {
			isa = XCConfigurationList;
			buildConfigurations = (
				02E5BF6B1E2326B4004B563A /* Debug */,
				02E5BF6C1E2326B4004B563A /* Release */,
			);
			defaultConfigurationIsVisible = 0;
		};
		02E5BF6D1E2326B4004B563A /* Build configuration list for PBXNativeTarget "sEasyBeautifyImageModelUITests" */ = {
			isa = XCConfigurationList;
			buildConfigurations = (
				02E5BF6E1E2326B4004B563A /* Debug */,
				02E5BF6F1E2326B4004B563A /* Release */,
			);
			defaultConfigurationIsVisible = 0;
		};
/* End XCConfigurationList section */
	};
	rootObject = 02E5BF321E2326B3004B563A /* Project object */;
}
